
Microsoft Visual Studio Solution File, Format Version 12.00
# Visual Studio Version 16
VisualStudioVersion = 16.0.30225.117
MinimumVisualStudioVersion = 10.0.40219.1
Project("{9A19103F-16F7-4668-BE54-9A1E7A4F7556}") = "OpenQasmReader", "src\OpenQasmReader\OpenQasmReader.csproj", "{C3535767-3202-4313-B836-266A4FD7B9BF}"
EndProject
Project("{9A19103F-16F7-4668-BE54-9A1E7A4F7556}") = "OpenQasmExporter", "src\OpenQasmExporter\OpenQasmExporter.csproj", "{FE19CF02-FD8B-461A-A21C-6A6825B922BE}"
EndProject
Project("{9A19103F-16F7-4668-BE54-9A1E7A4F7556}") = "OpenQasmExporter.Tests", "tests\OpenQasmExporter.Tests\OpenQasmExporter.Tests.csproj", "{EDF41E61-F3C4-43AC-9413-9AD9150FCD65}"
EndProject
Project("{9A19103F-16F7-4668-BE54-9A1E7A4F7556}") = "OpenQasmReader.Tests", "tests\OpenQasmReader.Tests\OpenQasmReader.Tests.csproj", "{0F3A4F93-4118-4F21-A8F5-DD5510EE566A}"
EndProject
Project("{9A19103F-16F7-4668-BE54-9A1E7A4F7556}") = "OpenQasmExporter.Sample", "tests\OpenQasmExporter.Sample\OpenQasmExporter.Sample.csproj", "{B9F971F0-3614-4E27-95F4-11F781FD8B9A}"
EndProject
Global
	GlobalSection(SolutionConfigurationPlatforms) = preSolution
		Debug|Any CPU = Debug|Any CPU
		Release|Any CPU = Release|Any CPU
	EndGlobalSection
	GlobalSection(ProjectConfigurationPlatforms) = postSolution
		{C3535767-3202-4313-B836-266A4FD7B9BF}.Debug|Any CPU.ActiveCfg = Debug|Any CPU
		{C3535767-3202-4313-B836-266A4FD7B9BF}.Debug|Any CPU.Build.0 = Debug|Any CPU
		{C3535767-3202-4313-B836-266A4FD7B9BF}.Release|Any CPU.ActiveCfg = Release|Any CPU
		{C3535767-3202-4313-B836-266A4FD7B9BF}.Release|Any CPU.Build.0 = Release|Any CPU
		{FE19CF02-FD8B-461A-A21C-6A6825B922BE}.Debug|Any CPU.ActiveCfg = Debug|Any CPU
		{FE19CF02-FD8B-461A-A21C-6A6825B922BE}.Debug|Any CPU.Build.0 = Debug|Any CPU
		{FE19CF02-FD8B-461A-A21C-6A6825B922BE}.Release|Any CPU.ActiveCfg = Release|Any CPU
		{FE19CF02-FD8B-461A-A21C-6A6825B922BE}.Release|Any CPU.Build.0 = Release|Any CPU
		{EDF41E61-F3C4-43AC-9413-9AD9150FCD65}.Debug|Any CPU.ActiveCfg = Debug|Any CPU
		{EDF41E61-F3C4-43AC-9413-9AD9150FCD65}.Debug|Any CPU.Build.0 = Debug|Any CPU
		{EDF41E61-F3C4-43AC-9413-9AD9150FCD65}.Release|Any CPU.ActiveCfg = Release|Any CPU
		{EDF41E61-F3C4-43AC-9413-9AD9150FCD65}.Release|Any CPU.Build.0 = Release|Any CPU
		{0F3A4F93-4118-4F21-A8F5-DD5510EE566A}.Debug|Any CPU.ActiveCfg = Debug|Any CPU
		{0F3A4F93-4118-4F21-A8F5-DD5510EE566A}.Debug|Any CPU.Build.0 = Debug|Any CPU
		{0F3A4F93-4118-4F21-A8F5-DD5510EE566A}.Release|Any CPU.ActiveCfg = Release|Any CPU
		{0F3A4F93-4118-4F21-A8F5-DD5510EE566A}.Release|Any CPU.Build.0 = Release|Any CPU
		{B9F971F0-3614-4E27-95F4-11F781FD8B9A}.Debug|Any CPU.ActiveCfg = Debug|Any CPU
		{B9F971F0-3614-4E27-95F4-11F781FD8B9A}.Debug|Any CPU.Build.0 = Debug|Any CPU
		{B9F971F0-3614-4E27-95F4-11F781FD8B9A}.Release|Any CPU.ActiveCfg = Release|Any CPU
		{B9F971F0-3614-4E27-95F4-11F781FD8B9A}.Release|Any CPU.Build.0 = Release|Any CPU
	EndGlobalSection
	GlobalSection(SolutionProperties) = preSolution
		HideSolutionNode = FALSE
	EndGlobalSection
	GlobalSection(ExtensibilityGlobals) = postSolution
		SolutionGuid = {AB5CA9E9-FFBA-435F-907C-08F34DF1D3DC}
	EndGlobalSection
EndGlobal
