
Microsoft Visual Studio Solution File, Format Version 12.00
# Visual Studio 15
VisualStudioVersion = 15.0.26730.16
MinimumVisualStudioVersion = 10.0.40219.1
Project("{2150E333-8FDC-42A3-9474-1A3956D46DE8}") = "Documentation", "Documentation", "{561759D2-4D2D-4EE3-9565-9AAEC4A7D64B}"
	ProjectSection(SolutionItems) = preProject
		README.md = README.md
	EndProjectSection
EndProject
Project("{2150E333-8FDC-42A3-9474-1A3956D46DE8}") = "Src", "Src", "{614D2908-AAF9-48CE-B688-C28CC99C1D19}"
	ProjectSection(SolutionItems) = preProject
		README.md = README.md
	EndProjectSection
EndProject
Project("{2150E333-8FDC-42A3-9474-1A3956D46DE8}") = "0. OpenQASM", "0. OpenQASM", "{0C7801D7-4483-46AD-922B-B392972A650B}"
EndProject
Project("{9A19103F-16F7-4668-BE54-9A1E7A4F7556}") = "OpenQasm", "src\OpenQasm\OpenQasm.csproj", "{8F18B926-58EE-4A2D-8108-A5C671921F93}"
EndProject
Project("{9A19103F-16F7-4668-BE54-9A1E7A4F7556}") = "Qiskit", "src\Qiskit\Qiskit.csproj", "{951F83D9-30FA-41A6-9438-AB7A4D7E5110}"
EndProject
Project("{9A19103F-16F7-4668-BE54-9A1E7A4F7556}") = "OpenQasmReader", "src\OpenQasmReader\OpenQasmReader.csproj", "{13D5F812-67CF-4E2D-BFF3-C91397E9B80A}"
EndProject
Project("{9A19103F-16F7-4668-BE54-9A1E7A4F7556}") = "OpenQasmReader.Tests", "tests\OpenQasmReader.Tests\OpenQasmReader.Tests.csproj", "{E70A7B19-D3FC-475F-BAC5-6C757FFE9810}"
EndProject
Global
	GlobalSection(SolutionConfigurationPlatforms) = preSolution
		Debug|Any CPU = Debug|Any CPU
		Debug|ARM = Debug|ARM
		Debug|x64 = Debug|x64
		Debug|x86 = Debug|x86
		Release|Any CPU = Release|Any CPU
		Release|ARM = Release|ARM
		Release|x64 = Release|x64
		Release|x86 = Release|x86
	EndGlobalSection
	GlobalSection(ProjectConfigurationPlatforms) = postSolution
		{8F18B926-58EE-4A2D-8108-A5C671921F93}.Debug|Any CPU.ActiveCfg = Debug|Any CPU
		{8F18B926-58EE-4A2D-8108-A5C671921F93}.Debug|Any CPU.Build.0 = Debug|Any CPU
		{8F18B926-58EE-4A2D-8108-A5C671921F93}.Debug|ARM.ActiveCfg = Debug|Any CPU
		{8F18B926-58EE-4A2D-8108-A5C671921F93}.Debug|ARM.Build.0 = Debug|Any CPU
		{8F18B926-58EE-4A2D-8108-A5C671921F93}.Debug|x64.ActiveCfg = Debug|Any CPU
		{8F18B926-58EE-4A2D-8108-A5C671921F93}.Debug|x64.Build.0 = Debug|Any CPU
		{8F18B926-58EE-4A2D-8108-A5C671921F93}.Debug|x86.ActiveCfg = Debug|Any CPU
		{8F18B926-58EE-4A2D-8108-A5C671921F93}.Debug|x86.Build.0 = Debug|Any CPU
		{8F18B926-58EE-4A2D-8108-A5C671921F93}.Release|Any CPU.ActiveCfg = Release|Any CPU
		{8F18B926-58EE-4A2D-8108-A5C671921F93}.Release|Any CPU.Build.0 = Release|Any CPU
		{8F18B926-58EE-4A2D-8108-A5C671921F93}.Release|ARM.ActiveCfg = Release|Any CPU
		{8F18B926-58EE-4A2D-8108-A5C671921F93}.Release|ARM.Build.0 = Release|Any CPU
		{8F18B926-58EE-4A2D-8108-A5C671921F93}.Release|x64.ActiveCfg = Release|Any CPU
		{8F18B926-58EE-4A2D-8108-A5C671921F93}.Release|x64.Build.0 = Release|Any CPU
		{8F18B926-58EE-4A2D-8108-A5C671921F93}.Release|x86.ActiveCfg = Release|Any CPU
		{8F18B926-58EE-4A2D-8108-A5C671921F93}.Release|x86.Build.0 = Release|Any CPU
		{951F83D9-30FA-41A6-9438-AB7A4D7E5110}.Debug|Any CPU.ActiveCfg = Debug|Any CPU
		{951F83D9-30FA-41A6-9438-AB7A4D7E5110}.Debug|Any CPU.Build.0 = Debug|Any CPU
		{951F83D9-30FA-41A6-9438-AB7A4D7E5110}.Debug|ARM.ActiveCfg = Debug|Any CPU
		{951F83D9-30FA-41A6-9438-AB7A4D7E5110}.Debug|ARM.Build.0 = Debug|Any CPU
		{951F83D9-30FA-41A6-9438-AB7A4D7E5110}.Debug|x64.ActiveCfg = Debug|Any CPU
		{951F83D9-30FA-41A6-9438-AB7A4D7E5110}.Debug|x64.Build.0 = Debug|Any CPU
		{951F83D9-30FA-41A6-9438-AB7A4D7E5110}.Debug|x86.ActiveCfg = Debug|Any CPU
		{951F83D9-30FA-41A6-9438-AB7A4D7E5110}.Debug|x86.Build.0 = Debug|Any CPU
		{951F83D9-30FA-41A6-9438-AB7A4D7E5110}.Release|Any CPU.ActiveCfg = Release|Any CPU
		{951F83D9-30FA-41A6-9438-AB7A4D7E5110}.Release|Any CPU.Build.0 = Release|Any CPU
		{951F83D9-30FA-41A6-9438-AB7A4D7E5110}.Release|ARM.ActiveCfg = Release|Any CPU
		{951F83D9-30FA-41A6-9438-AB7A4D7E5110}.Release|ARM.Build.0 = Release|Any CPU
		{951F83D9-30FA-41A6-9438-AB7A4D7E5110}.Release|x64.ActiveCfg = Release|Any CPU
		{951F83D9-30FA-41A6-9438-AB7A4D7E5110}.Release|x64.Build.0 = Release|Any CPU
		{951F83D9-30FA-41A6-9438-AB7A4D7E5110}.Release|x86.ActiveCfg = Release|Any CPU
		{951F83D9-30FA-41A6-9438-AB7A4D7E5110}.Release|x86.Build.0 = Release|Any CPU
		{13D5F812-67CF-4E2D-BFF3-C91397E9B80A}.Debug|Any CPU.ActiveCfg = Debug|Any CPU
		{13D5F812-67CF-4E2D-BFF3-C91397E9B80A}.Debug|Any CPU.Build.0 = Debug|Any CPU
		{13D5F812-67CF-4E2D-BFF3-C91397E9B80A}.Debug|ARM.ActiveCfg = Debug|Any CPU
		{13D5F812-67CF-4E2D-BFF3-C91397E9B80A}.Debug|ARM.Build.0 = Debug|Any CPU
		{13D5F812-67CF-4E2D-BFF3-C91397E9B80A}.Debug|x64.ActiveCfg = Debug|Any CPU
		{13D5F812-67CF-4E2D-BFF3-C91397E9B80A}.Debug|x64.Build.0 = Debug|Any CPU
		{13D5F812-67CF-4E2D-BFF3-C91397E9B80A}.Debug|x86.ActiveCfg = Debug|Any CPU
		{13D5F812-67CF-4E2D-BFF3-C91397E9B80A}.Debug|x86.Build.0 = Debug|Any CPU
		{13D5F812-67CF-4E2D-BFF3-C91397E9B80A}.Release|Any CPU.ActiveCfg = Release|Any CPU
		{13D5F812-67CF-4E2D-BFF3-C91397E9B80A}.Release|Any CPU.Build.0 = Release|Any CPU
		{13D5F812-67CF-4E2D-BFF3-C91397E9B80A}.Release|ARM.ActiveCfg = Release|Any CPU
		{13D5F812-67CF-4E2D-BFF3-C91397E9B80A}.Release|ARM.Build.0 = Release|Any CPU
		{13D5F812-67CF-4E2D-BFF3-C91397E9B80A}.Release|x64.ActiveCfg = Release|Any CPU
		{13D5F812-67CF-4E2D-BFF3-C91397E9B80A}.Release|x64.Build.0 = Release|Any CPU
		{13D5F812-67CF-4E2D-BFF3-C91397E9B80A}.Release|x86.ActiveCfg = Release|Any CPU
		{13D5F812-67CF-4E2D-BFF3-C91397E9B80A}.Release|x86.Build.0 = Release|Any CPU
		{E70A7B19-D3FC-475F-BAC5-6C757FFE9810}.Debug|Any CPU.ActiveCfg = Debug|Any CPU
		{E70A7B19-D3FC-475F-BAC5-6C757FFE9810}.Debug|Any CPU.Build.0 = Debug|Any CPU
		{E70A7B19-D3FC-475F-BAC5-6C757FFE9810}.Debug|ARM.ActiveCfg = Debug|Any CPU
		{E70A7B19-D3FC-475F-BAC5-6C757FFE9810}.Debug|ARM.Build.0 = Debug|Any CPU
		{E70A7B19-D3FC-475F-BAC5-6C757FFE9810}.Debug|x64.ActiveCfg = Debug|Any CPU
		{E70A7B19-D3FC-475F-BAC5-6C757FFE9810}.Debug|x64.Build.0 = Debug|Any CPU
		{E70A7B19-D3FC-475F-BAC5-6C757FFE9810}.Debug|x86.ActiveCfg = Debug|Any CPU
		{E70A7B19-D3FC-475F-BAC5-6C757FFE9810}.Debug|x86.Build.0 = Debug|Any CPU
		{E70A7B19-D3FC-475F-BAC5-6C757FFE9810}.Release|Any CPU.ActiveCfg = Release|Any CPU
		{E70A7B19-D3FC-475F-BAC5-6C757FFE9810}.Release|Any CPU.Build.0 = Release|Any CPU
		{E70A7B19-D3FC-475F-BAC5-6C757FFE9810}.Release|ARM.ActiveCfg = Release|Any CPU
		{E70A7B19-D3FC-475F-BAC5-6C757FFE9810}.Release|ARM.Build.0 = Release|Any CPU
		{E70A7B19-D3FC-475F-BAC5-6C757FFE9810}.Release|x64.ActiveCfg = Release|Any CPU
		{E70A7B19-D3FC-475F-BAC5-6C757FFE9810}.Release|x64.Build.0 = Release|Any CPU
		{E70A7B19-D3FC-475F-BAC5-6C757FFE9810}.Release|x86.ActiveCfg = Release|Any CPU
		{E70A7B19-D3FC-475F-BAC5-6C757FFE9810}.Release|x86.Build.0 = Release|Any CPU
	EndGlobalSection
	GlobalSection(SolutionProperties) = preSolution
		HideSolutionNode = FALSE
	EndGlobalSection
	GlobalSection(NestedProjects) = preSolution
		{0C7801D7-4483-46AD-922B-B392972A650B} = {614D2908-AAF9-48CE-B688-C28CC99C1D19}
		{8F18B926-58EE-4A2D-8108-A5C671921F93} = {0C7801D7-4483-46AD-922B-B392972A650B}
		{951F83D9-30FA-41A6-9438-AB7A4D7E5110} = {0C7801D7-4483-46AD-922B-B392972A650B}
		{13D5F812-67CF-4E2D-BFF3-C91397E9B80A} = {0C7801D7-4483-46AD-922B-B392972A650B}
		{E70A7B19-D3FC-475F-BAC5-6C757FFE9810} = {0C7801D7-4483-46AD-922B-B392972A650B}
	EndGlobalSection
	GlobalSection(ExtensibilityGlobals) = postSolution
		SolutionGuid = {6869E5BF-551A-40F1-9B6B-D1B27A5676CB}
	EndGlobalSection
	GlobalSection(Performance) = preSolution
		HasPerformanceSessions = true
	EndGlobalSection
	GlobalSection(Performance) = preSolution
		HasPerformanceSessions = true
	EndGlobalSection
EndGlobal
